
Microsoft Visual Studio Solution File, Format Version 12.00
# Visual Studio Version 17
VisualStudioVersion = 17.11.35312.102
MinimumVisualStudioVersion = 10.0.40219.1
Project("{FAE04EC0-301F-11D3-BF4B-00C04F79EFBC}") = "staticSinifVeUyeler", "staticSinifVeUyeler.csproj", "{2A85CA69-53E8-4561-99E7-8877B703EA94}"
EndProject
Global
	GlobalSection(SolutionConfigurationPlatforms) = preSolution
		Debug|Any CPU = Debug|Any CPU
		Release|Any CPU = Release|Any CPU
	EndGlobalSection
	GlobalSection(ProjectConfigurationPlatforms) = postSolution
		{2A85CA69-53E8-4561-99E7-8877B703EA94}.Debug|Any CPU.ActiveCfg = Debug|Any CPU
		{2A85CA69-53E8-4561-99E7-8877B703EA94}.Debug|Any CPU.Build.0 = Debug|Any CPU
		{2A85CA69-53E8-4561-99E7-8877B703EA94}.Release|Any CPU.ActiveCfg = Release|Any CPU
		{2A85CA69-53E8-4561-99E7-8877B703EA94}.Release|Any CPU.Build.0 = Release|Any CPU
	EndGlobalSection
	GlobalSection(SolutionProperties) = preSolution
		HideSolutionNode = FALSE
	EndGlobalSection
	GlobalSection(ExtensibilityGlobals) = postSolution
		SolutionGuid = {4567127E-7AA2-4D3C-8C5B-A967ED5F1C41}
	EndGlobalSection
EndGlobal
