
Microsoft Visual Studio Solution File, Format Version 12.00
# Visual Studio Version 17
VisualStudioVersion = 17.7.34031.279
MinimumVisualStudioVersion = 10.0.40219.1
Project("{FAE04EC0-301F-11D3-BF4B-00C04F79EFBC}") = "tryCatchFinallyveMantiksalHatalar", "tryCatchFinallyveMantiksalHatalar.csproj", "{098E3408-7EA0-4C17-8925-58F3BAD1995B}"
EndProject
Global
	GlobalSection(SolutionConfigurationPlatforms) = preSolution
		Debug|Any CPU = Debug|Any CPU
		Release|Any CPU = Release|Any CPU
	EndGlobalSection
	GlobalSection(ProjectConfigurationPlatforms) = postSolution
		{098E3408-7EA0-4C17-8925-58F3BAD1995B}.Debug|Any CPU.ActiveCfg = Debug|Any CPU
		{098E3408-7EA0-4C17-8925-58F3BAD1995B}.Debug|Any CPU.Build.0 = Debug|Any CPU
		{098E3408-7EA0-4C17-8925-58F3BAD1995B}.Release|Any CPU.ActiveCfg = Release|Any CPU
		{098E3408-7EA0-4C17-8925-58F3BAD1995B}.Release|Any CPU.Build.0 = Release|Any CPU
	EndGlobalSection
	GlobalSection(SolutionProperties) = preSolution
		HideSolutionNode = FALSE
	EndGlobalSection
	GlobalSection(ExtensibilityGlobals) = postSolution
		SolutionGuid = {472BA4DA-954F-4688-B0F2-F970FA8344F1}
	EndGlobalSection
EndGlobal
