
Microsoft Visual Studio Solution File, Format Version 12.00
# Visual Studio Version 17
VisualStudioVersion = 17.7.34031.279
MinimumVisualStudioVersion = 10.0.40219.1
Project("{FAE04EC0-301F-11D3-BF4B-00C04F79EFBC}") = "operatorler", "operatorler.csproj", "{2BD9A097-DF70-49E3-9DE9-F877CA48145E}"
EndProject
Global
	GlobalSection(SolutionConfigurationPlatforms) = preSolution
		Debug|Any CPU = Debug|Any CPU
		Release|Any CPU = Release|Any CPU
	EndGlobalSection
	GlobalSection(ProjectConfigurationPlatforms) = postSolution
		{2BD9A097-DF70-49E3-9DE9-F877CA48145E}.Debug|Any CPU.ActiveCfg = Debug|Any CPU
		{2BD9A097-DF70-49E3-9DE9-F877CA48145E}.Debug|Any CPU.Build.0 = Debug|Any CPU
		{2BD9A097-DF70-49E3-9DE9-F877CA48145E}.Release|Any CPU.ActiveCfg = Release|Any CPU
		{2BD9A097-DF70-49E3-9DE9-F877CA48145E}.Release|Any CPU.Build.0 = Release|Any CPU
	EndGlobalSection
	GlobalSection(SolutionProperties) = preSolution
		HideSolutionNode = FALSE
	EndGlobalSection
	GlobalSection(ExtensibilityGlobals) = postSolution
		SolutionGuid = {4E547C68-B7DC-4531-B1A6-F565C0322ABA}
	EndGlobalSection
EndGlobal
