
Microsoft Visual Studio Solution File, Format Version 12.00
# Visual Studio Version 17
VisualStudioVersion = 17.7.34031.279
MinimumVisualStudioVersion = 10.0.40219.1
Project("{FAE04EC0-301F-11D3-BF4B-00C04F79EFBC}") = "arraySinifiMethodları", "arraySinifiMethodları.csproj", "{A9D4E02C-6F8E-47B8-82FF-6D99C0C59757}"
EndProject
Global
	GlobalSection(SolutionConfigurationPlatforms) = preSolution
		Debug|Any CPU = Debug|Any CPU
		Release|Any CPU = Release|Any CPU
	EndGlobalSection
	GlobalSection(ProjectConfigurationPlatforms) = postSolution
		{A9D4E02C-6F8E-47B8-82FF-6D99C0C59757}.Debug|Any CPU.ActiveCfg = Debug|Any CPU
		{A9D4E02C-6F8E-47B8-82FF-6D99C0C59757}.Debug|Any CPU.Build.0 = Debug|Any CPU
		{A9D4E02C-6F8E-47B8-82FF-6D99C0C59757}.Release|Any CPU.ActiveCfg = Release|Any CPU
		{A9D4E02C-6F8E-47B8-82FF-6D99C0C59757}.Release|Any CPU.Build.0 = Release|Any CPU
	EndGlobalSection
	GlobalSection(SolutionProperties) = preSolution
		HideSolutionNode = FALSE
	EndGlobalSection
	GlobalSection(ExtensibilityGlobals) = postSolution
		SolutionGuid = {FA977441-AC32-4795-85A5-E3EB793E54CF}
	EndGlobalSection
EndGlobal
