
Microsoft Visual Studio Solution File, Format Version 12.00
# Visual Studio Version 17
VisualStudioVersion = 17.7.34031.279
MinimumVisualStudioVersion = 10.0.40219.1
Project("{FAE04EC0-301F-11D3-BF4B-00C04F79EFBC}") = "soru2", "soru2.csproj", "{62F9D526-17E6-41FD-9AA1-8C579B406567}"
EndProject
Global
	GlobalSection(SolutionConfigurationPlatforms) = preSolution
		Debug|Any CPU = Debug|Any CPU
		Release|Any CPU = Release|Any CPU
	EndGlobalSection
	GlobalSection(ProjectConfigurationPlatforms) = postSolution
		{62F9D526-17E6-41FD-9AA1-8C579B406567}.Debug|Any CPU.ActiveCfg = Debug|Any CPU
		{62F9D526-17E6-41FD-9AA1-8C579B406567}.Debug|Any CPU.Build.0 = Debug|Any CPU
		{62F9D526-17E6-41FD-9AA1-8C579B406567}.Release|Any CPU.ActiveCfg = Release|Any CPU
		{62F9D526-17E6-41FD-9AA1-8C579B406567}.Release|Any CPU.Build.0 = Release|Any CPU
	EndGlobalSection
	GlobalSection(SolutionProperties) = preSolution
		HideSolutionNode = FALSE
	EndGlobalSection
	GlobalSection(ExtensibilityGlobals) = postSolution
		SolutionGuid = {CD6658FB-807E-42EF-8268-64917DBF4263}
	EndGlobalSection
EndGlobal
