
Microsoft Visual Studio Solution File, Format Version 12.00
# Visual Studio Version 17
VisualStudioVersion = 17.7.34031.279
MinimumVisualStudioVersion = 10.0.40219.1
Project("{FAE04EC0-301F-11D3-BF4B-00C04F79EFBC}") = "instanceFieldProperty", "instanceFieldProperty.csproj", "{15A2AA1C-8F01-4F9D-A7B1-89BF688F6CE6}"
EndProject
Global
	GlobalSection(SolutionConfigurationPlatforms) = preSolution
		Debug|Any CPU = Debug|Any CPU
		Release|Any CPU = Release|Any CPU
	EndGlobalSection
	GlobalSection(ProjectConfigurationPlatforms) = postSolution
		{15A2AA1C-8F01-4F9D-A7B1-89BF688F6CE6}.Debug|Any CPU.ActiveCfg = Debug|Any CPU
		{15A2AA1C-8F01-4F9D-A7B1-89BF688F6CE6}.Debug|Any CPU.Build.0 = Debug|Any CPU
		{15A2AA1C-8F01-4F9D-A7B1-89BF688F6CE6}.Release|Any CPU.ActiveCfg = Release|Any CPU
		{15A2AA1C-8F01-4F9D-A7B1-89BF688F6CE6}.Release|Any CPU.Build.0 = Release|Any CPU
	EndGlobalSection
	GlobalSection(SolutionProperties) = preSolution
		HideSolutionNode = FALSE
	EndGlobalSection
	GlobalSection(ExtensibilityGlobals) = postSolution
		SolutionGuid = {7931EAA2-CC4B-4FE0-93B7-D606BFA5FE7E}
	EndGlobalSection
EndGlobal
