
Microsoft Visual Studio Solution File, Format Version 12.00
# Visual Studio Version 17
VisualStudioVersion = 17.7.34031.279
MinimumVisualStudioVersion = 10.0.40219.1
Project("{FAE04EC0-301F-11D3-BF4B-00C04F79EFBC}") = "stringMetotlar", "stringMetotlar.csproj", "{ED09F825-C06B-4111-8FEB-0D9F0F2435B1}"
EndProject
Global
	GlobalSection(SolutionConfigurationPlatforms) = preSolution
		Debug|Any CPU = Debug|Any CPU
		Release|Any CPU = Release|Any CPU
	EndGlobalSection
	GlobalSection(ProjectConfigurationPlatforms) = postSolution
		{ED09F825-C06B-4111-8FEB-0D9F0F2435B1}.Debug|Any CPU.ActiveCfg = Debug|Any CPU
		{ED09F825-C06B-4111-8FEB-0D9F0F2435B1}.Debug|Any CPU.Build.0 = Debug|Any CPU
		{ED09F825-C06B-4111-8FEB-0D9F0F2435B1}.Release|Any CPU.ActiveCfg = Release|Any CPU
		{ED09F825-C06B-4111-8FEB-0D9F0F2435B1}.Release|Any CPU.Build.0 = Release|Any CPU
	EndGlobalSection
	GlobalSection(SolutionProperties) = preSolution
		HideSolutionNode = FALSE
	EndGlobalSection
	GlobalSection(ExtensibilityGlobals) = postSolution
		SolutionGuid = {737FF03B-16D7-4E5E-9707-7328C11DCF0D}
	EndGlobalSection
EndGlobal
